
Microsoft Visual Studio Solution File, Format Version 12.00
# Visual Studio Version 16
VisualStudioVersion = 16.0.29424.173
MinimumVisualStudioVersion = 10.0.40219.1
Project("{9A19103F-16F7-4668-BE54-9A1E7A4F7556}") = "SampleApp.Infrastructure", "SampleApp.Infrastructure\SampleApp.Infrastructure.csproj", "{7E1221A4-A90D-449C-A39A-59979F913272}"
EndProject
Project("{9A19103F-16F7-4668-BE54-9A1E7A4F7556}") = "SampleApp", "SampleApp\SampleApp.csproj", "{D7292BB7-2077-4F76-AC99-578B9DECA6A9}"
EndProject
Project("{9A19103F-16F7-4668-BE54-9A1E7A4F7556}") = "SampleApp.Tests", "SampleApp.Tests\SampleApp.Tests.csproj", "{C8DFB757-7060-4F94-9EC1-A2D741EA23B2}"
EndProject
Global
	GlobalSection(SolutionConfigurationPlatforms) = preSolution
		Debug|Any CPU = Debug|Any CPU
		Release|Any CPU = Release|Any CPU
	EndGlobalSection
	GlobalSection(ProjectConfigurationPlatforms) = postSolution
		{7E1221A4-A90D-449C-A39A-59979F913272}.Debug|Any CPU.ActiveCfg = Debug|Any CPU
		{7E1221A4-A90D-449C-A39A-59979F913272}.Debug|Any CPU.Build.0 = Debug|Any CPU
		{7E1221A4-A90D-449C-A39A-59979F913272}.Release|Any CPU.ActiveCfg = Release|Any CPU
		{7E1221A4-A90D-449C-A39A-59979F913272}.Release|Any CPU.Build.0 = Release|Any CPU
		{D7292BB7-2077-4F76-AC99-578B9DECA6A9}.Debug|Any CPU.ActiveCfg = Debug|Any CPU
		{D7292BB7-2077-4F76-AC99-578B9DECA6A9}.Debug|Any CPU.Build.0 = Debug|Any CPU
		{D7292BB7-2077-4F76-AC99-578B9DECA6A9}.Release|Any CPU.ActiveCfg = Release|Any CPU
		{D7292BB7-2077-4F76-AC99-578B9DECA6A9}.Release|Any CPU.Build.0 = Release|Any CPU
		{C8DFB757-7060-4F94-9EC1-A2D741EA23B2}.Debug|Any CPU.ActiveCfg = Debug|Any CPU
		{C8DFB757-7060-4F94-9EC1-A2D741EA23B2}.Debug|Any CPU.Build.0 = Debug|Any CPU
		{C8DFB757-7060-4F94-9EC1-A2D741EA23B2}.Release|Any CPU.ActiveCfg = Release|Any CPU
		{C8DFB757-7060-4F94-9EC1-A2D741EA23B2}.Release|Any CPU.Build.0 = Release|Any CPU
	EndGlobalSection
	GlobalSection(SolutionProperties) = preSolution
		HideSolutionNode = FALSE
	EndGlobalSection
	GlobalSection(ExtensibilityGlobals) = postSolution
		SolutionGuid = {5162B8C0-0E59-4F91-B45F-F87A255B9AA0}
	EndGlobalSection
EndGlobal
